{
  "name": "main",
  "version": "1.0.0",
  "lockfileVersion": 2,
  "requires": true,
  "packages": {
    "": {
      "name": "main",
      "version": "1.0.0",
      "license": "ISC",
      "dependencies": {
        "dep1": "file:../dep1"
      }
    },
    "../dep1": {
      "version": "1.0.0",
      "license": "ISC"
    },
    "node_modules/dep1": {
      "resolved": "../dep1",
      "link": true
    }
  },
  "dependencies": {
    "dep1": {
      "version": "file:../dep1"
    }
  }
}
